{
	"requires": true,
	"lockfileVersion": 1,
	"dependencies": {
		"lottie-miniprogram": {
			"version": "1.0.11",
			"resolved": "https://registry.npmjs.org/lottie-miniprogram/-/lottie-miniprogram-1.0.11.tgz",
			"integrity": "sha512-NFIFKLyI1IPQf0UemzE0c4eGm6mQsqRwtBsFNkUfM/4vi4MipJcemFDz3RpekkDRxm0jTqrMp6fWEeoq3uHl/Q=="
		},
		"oneutil": {
			"version": "2.4.0",
			"resolved": "https://registry.npmjs.org/oneutil/-/oneutil-2.4.0.tgz",
			"integrity": "sha512-QS1ojDo7V/73WGKCfNu6P06fx868RNHgzwNNKENjVZmlef4ssBjgBnVbXze9kcsZeEY5liITrOmHNvZ8Svt7ow=="
		}
	}
}
